
Microsoft Visual Studio Solution File, Format Version 12.00
# Visual Studio 15
VisualStudioVersion = 15.0.28307.1972
MinimumVisualStudioVersion = 10.0.40219.1
Project("{FAE04EC0-301F-11D3-BF4B-00C04F79EFBC}") = "FirstTry", "FirstTry\FirstTry.csproj", "{FBA89F77-AB26-4CF4-B2BB-143661CC7903}"
EndProject
Project("{FAE04EC0-301F-11D3-BF4B-00C04F79EFBC}") = "EX2", "EX2\EX2.csproj", "{F92D59E4-EC38-427C-AF0F-EA9EB30E5992}"
EndProject
Project("{FAE04EC0-301F-11D3-BF4B-00C04F79EFBC}") = "EX3Form", "EX3Form\EX3Form.csproj", "{9DD3CCB8-EF97-4767-A6D4-E0B596D30A1E}"
EndProject
Project("{FAE04EC0-301F-11D3-BF4B-00C04F79EFBC}") = "EX4", "EX4\EX4.csproj", "{68EEB6F3-8A13-4F37-BD8E-43B4D4FAD970}"
EndProject
Project("{FAE04EC0-301F-11D3-BF4B-00C04F79EFBC}") = "EX5", "EX5\EX5.csproj", "{F14CD61C-55AA-4CDB-857A-CEE40483F9C0}"
EndProject
Project("{FAE04EC0-301F-11D3-BF4B-00C04F79EFBC}") = "EX6", "EX6\EX6.csproj", "{214325DF-48AA-4E1C-8A2B-D8CA13446C90}"
EndProject
Global
	GlobalSection(SolutionConfigurationPlatforms) = preSolution
		Debug|Any CPU = Debug|Any CPU
		Debug|x64 = Debug|x64
		Debug|x86 = Debug|x86
		Release|Any CPU = Release|Any CPU
		Release|x64 = Release|x64
		Release|x86 = Release|x86
	EndGlobalSection
	GlobalSection(ProjectConfigurationPlatforms) = postSolution
		{FBA89F77-AB26-4CF4-B2BB-143661CC7903}.Debug|Any CPU.ActiveCfg = Debug|Any CPU
		{FBA89F77-AB26-4CF4-B2BB-143661CC7903}.Debug|Any CPU.Build.0 = Debug|Any CPU
		{FBA89F77-AB26-4CF4-B2BB-143661CC7903}.Debug|x64.ActiveCfg = Debug|x64
		{FBA89F77-AB26-4CF4-B2BB-143661CC7903}.Debug|x64.Build.0 = Debug|x64
		{FBA89F77-AB26-4CF4-B2BB-143661CC7903}.Debug|x86.ActiveCfg = Debug|x86
		{FBA89F77-AB26-4CF4-B2BB-143661CC7903}.Debug|x86.Build.0 = Debug|x86
		{FBA89F77-AB26-4CF4-B2BB-143661CC7903}.Release|Any CPU.ActiveCfg = Release|Any CPU
		{FBA89F77-AB26-4CF4-B2BB-143661CC7903}.Release|Any CPU.Build.0 = Release|Any CPU
		{FBA89F77-AB26-4CF4-B2BB-143661CC7903}.Release|x64.ActiveCfg = Release|x64
		{FBA89F77-AB26-4CF4-B2BB-143661CC7903}.Release|x64.Build.0 = Release|x64
		{FBA89F77-AB26-4CF4-B2BB-143661CC7903}.Release|x86.ActiveCfg = Release|x86
		{FBA89F77-AB26-4CF4-B2BB-143661CC7903}.Release|x86.Build.0 = Release|x86
		{F92D59E4-EC38-427C-AF0F-EA9EB30E5992}.Debug|Any CPU.ActiveCfg = Debug|Any CPU
		{F92D59E4-EC38-427C-AF0F-EA9EB30E5992}.Debug|Any CPU.Build.0 = Debug|Any CPU
		{F92D59E4-EC38-427C-AF0F-EA9EB30E5992}.Debug|x64.ActiveCfg = Debug|Any CPU
		{F92D59E4-EC38-427C-AF0F-EA9EB30E5992}.Debug|x64.Build.0 = Debug|Any CPU
		{F92D59E4-EC38-427C-AF0F-EA9EB30E5992}.Debug|x86.ActiveCfg = Debug|Any CPU
		{F92D59E4-EC38-427C-AF0F-EA9EB30E5992}.Debug|x86.Build.0 = Debug|Any CPU
		{F92D59E4-EC38-427C-AF0F-EA9EB30E5992}.Release|Any CPU.ActiveCfg = Release|Any CPU
		{F92D59E4-EC38-427C-AF0F-EA9EB30E5992}.Release|Any CPU.Build.0 = Release|Any CPU
		{F92D59E4-EC38-427C-AF0F-EA9EB30E5992}.Release|x64.ActiveCfg = Release|Any CPU
		{F92D59E4-EC38-427C-AF0F-EA9EB30E5992}.Release|x64.Build.0 = Release|Any CPU
		{F92D59E4-EC38-427C-AF0F-EA9EB30E5992}.Release|x86.ActiveCfg = Release|Any CPU
		{F92D59E4-EC38-427C-AF0F-EA9EB30E5992}.Release|x86.Build.0 = Release|Any CPU
		{9DD3CCB8-EF97-4767-A6D4-E0B596D30A1E}.Debug|Any CPU.ActiveCfg = Debug|Any CPU
		{9DD3CCB8-EF97-4767-A6D4-E0B596D30A1E}.Debug|Any CPU.Build.0 = Debug|Any CPU
		{9DD3CCB8-EF97-4767-A6D4-E0B596D30A1E}.Debug|x64.ActiveCfg = Debug|Any CPU
		{9DD3CCB8-EF97-4767-A6D4-E0B596D30A1E}.Debug|x64.Build.0 = Debug|Any CPU
		{9DD3CCB8-EF97-4767-A6D4-E0B596D30A1E}.Debug|x86.ActiveCfg = Debug|Any CPU
		{9DD3CCB8-EF97-4767-A6D4-E0B596D30A1E}.Debug|x86.Build.0 = Debug|Any CPU
		{9DD3CCB8-EF97-4767-A6D4-E0B596D30A1E}.Release|Any CPU.ActiveCfg = Release|Any CPU
		{9DD3CCB8-EF97-4767-A6D4-E0B596D30A1E}.Release|Any CPU.Build.0 = Release|Any CPU
		{9DD3CCB8-EF97-4767-A6D4-E0B596D30A1E}.Release|x64.ActiveCfg = Release|Any CPU
		{9DD3CCB8-EF97-4767-A6D4-E0B596D30A1E}.Release|x64.Build.0 = Release|Any CPU
		{9DD3CCB8-EF97-4767-A6D4-E0B596D30A1E}.Release|x86.ActiveCfg = Release|Any CPU
		{9DD3CCB8-EF97-4767-A6D4-E0B596D30A1E}.Release|x86.Build.0 = Release|Any CPU
		{68EEB6F3-8A13-4F37-BD8E-43B4D4FAD970}.Debug|Any CPU.ActiveCfg = Debug|Any CPU
		{68EEB6F3-8A13-4F37-BD8E-43B4D4FAD970}.Debug|Any CPU.Build.0 = Debug|Any CPU
		{68EEB6F3-8A13-4F37-BD8E-43B4D4FAD970}.Debug|x64.ActiveCfg = Debug|Any CPU
		{68EEB6F3-8A13-4F37-BD8E-43B4D4FAD970}.Debug|x64.Build.0 = Debug|Any CPU
		{68EEB6F3-8A13-4F37-BD8E-43B4D4FAD970}.Debug|x86.ActiveCfg = Debug|Any CPU
		{68EEB6F3-8A13-4F37-BD8E-43B4D4FAD970}.Debug|x86.Build.0 = Debug|Any CPU
		{68EEB6F3-8A13-4F37-BD8E-43B4D4FAD970}.Release|Any CPU.ActiveCfg = Release|Any CPU
		{68EEB6F3-8A13-4F37-BD8E-43B4D4FAD970}.Release|Any CPU.Build.0 = Release|Any CPU
		{68EEB6F3-8A13-4F37-BD8E-43B4D4FAD970}.Release|x64.ActiveCfg = Release|Any CPU
		{68EEB6F3-8A13-4F37-BD8E-43B4D4FAD970}.Release|x64.Build.0 = Release|Any CPU
		{68EEB6F3-8A13-4F37-BD8E-43B4D4FAD970}.Release|x86.ActiveCfg = Release|Any CPU
		{68EEB6F3-8A13-4F37-BD8E-43B4D4FAD970}.Release|x86.Build.0 = Release|Any CPU
		{F14CD61C-55AA-4CDB-857A-CEE40483F9C0}.Debug|Any CPU.ActiveCfg = Debug|Any CPU
		{F14CD61C-55AA-4CDB-857A-CEE40483F9C0}.Debug|Any CPU.Build.0 = Debug|Any CPU
		{F14CD61C-55AA-4CDB-857A-CEE40483F9C0}.Debug|x64.ActiveCfg = Debug|Any CPU
		{F14CD61C-55AA-4CDB-857A-CEE40483F9C0}.Debug|x64.Build.0 = Debug|Any CPU
		{F14CD61C-55AA-4CDB-857A-CEE40483F9C0}.Debug|x86.ActiveCfg = Debug|Any CPU
		{F14CD61C-55AA-4CDB-857A-CEE40483F9C0}.Debug|x86.Build.0 = Debug|Any CPU
		{F14CD61C-55AA-4CDB-857A-CEE40483F9C0}.Release|Any CPU.ActiveCfg = Release|Any CPU
		{F14CD61C-55AA-4CDB-857A-CEE40483F9C0}.Release|Any CPU.Build.0 = Release|Any CPU
		{F14CD61C-55AA-4CDB-857A-CEE40483F9C0}.Release|x64.ActiveCfg = Release|Any CPU
		{F14CD61C-55AA-4CDB-857A-CEE40483F9C0}.Release|x64.Build.0 = Release|Any CPU
		{F14CD61C-55AA-4CDB-857A-CEE40483F9C0}.Release|x86.ActiveCfg = Release|Any CPU
		{F14CD61C-55AA-4CDB-857A-CEE40483F9C0}.Release|x86.Build.0 = Release|Any CPU
		{214325DF-48AA-4E1C-8A2B-D8CA13446C90}.Debug|Any CPU.ActiveCfg = Debug|Any CPU
		{214325DF-48AA-4E1C-8A2B-D8CA13446C90}.Debug|Any CPU.Build.0 = Debug|Any CPU
		{214325DF-48AA-4E1C-8A2B-D8CA13446C90}.Debug|x64.ActiveCfg = Debug|Any CPU
		{214325DF-48AA-4E1C-8A2B-D8CA13446C90}.Debug|x64.Build.0 = Debug|Any CPU
		{214325DF-48AA-4E1C-8A2B-D8CA13446C90}.Debug|x86.ActiveCfg = Debug|Any CPU
		{214325DF-48AA-4E1C-8A2B-D8CA13446C90}.Debug|x86.Build.0 = Debug|Any CPU
		{214325DF-48AA-4E1C-8A2B-D8CA13446C90}.Release|Any CPU.ActiveCfg = Release|Any CPU
		{214325DF-48AA-4E1C-8A2B-D8CA13446C90}.Release|Any CPU.Build.0 = Release|Any CPU
		{214325DF-48AA-4E1C-8A2B-D8CA13446C90}.Release|x64.ActiveCfg = Release|Any CPU
		{214325DF-48AA-4E1C-8A2B-D8CA13446C90}.Release|x64.Build.0 = Release|Any CPU
		{214325DF-48AA-4E1C-8A2B-D8CA13446C90}.Release|x86.ActiveCfg = Release|Any CPU
		{214325DF-48AA-4E1C-8A2B-D8CA13446C90}.Release|x86.Build.0 = Release|Any CPU
	EndGlobalSection
	GlobalSection(SolutionProperties) = preSolution
		HideSolutionNode = FALSE
	EndGlobalSection
	GlobalSection(ExtensibilityGlobals) = postSolution
		SolutionGuid = {932CF884-93A6-4AEF-ADFC-6B84FC2C04BA}
	EndGlobalSection
EndGlobal
