
Microsoft Visual Studio Solution File, Format Version 12.00
# Visual Studio Version 16
VisualStudioVersion = 16.0.32802.440
MinimumVisualStudioVersion = 10.0.40219.1
Project("{FAE04EC0-301F-11D3-BF4B-00C04F79EFBC}") = "FirstTry", "FirstTry\FirstTry.csproj", "{FBA89F77-AB26-4CF4-B2BB-143661CC7903}"
EndProject
Project("{FAE04EC0-301F-11D3-BF4B-00C04F79EFBC}") = "EX2", "EX2\EX2.csproj", "{F92D59E4-EC38-427C-AF0F-EA9EB30E5992}"
EndProject
Project("{FAE04EC0-301F-11D3-BF4B-00C04F79EFBC}") = "EX3Form", "EX3Form\EX3Form.csproj", "{9DD3CCB8-EF97-4767-A6D4-E0B596D30A1E}"
EndProject
Project("{FAE04EC0-301F-11D3-BF4B-00C04F79EFBC}") = "EX4", "EX4\EX4.csproj", "{68EEB6F3-8A13-4F37-BD8E-43B4D4FAD970}"
EndProject
Project("{FAE04EC0-301F-11D3-BF4B-00C04F79EFBC}") = "EX5", "EX5\EX5.csproj", "{F14CD61C-55AA-4CDB-857A-CEE40483F9C0}"
EndProject
Project("{FAE04EC0-301F-11D3-BF4B-00C04F79EFBC}") = "EX6", "EX6\EX6.csproj", "{214325DF-48AA-4E1C-8A2B-D8CA13446C90}"
EndProject
Project("{FAE04EC0-301F-11D3-BF4B-00C04F79EFBC}") = "EX7", "EX7\EX7.csproj", "{03A49F0C-0EAB-465D-8B28-8CB0ECC1C50C}"
EndProject
Project("{FAE04EC0-301F-11D3-BF4B-00C04F79EFBC}") = "EX8", "EX8\EX8.csproj", "{E36E56FD-8FFA-4E06-B70D-42EDCA1DC9C6}"
EndProject
Project("{FAE04EC0-301F-11D3-BF4B-00C04F79EFBC}") = "EX9", "EX9\EX9.csproj", "{2CD4754C-C07E-4CB3-8868-392E86AD39C3}"
EndProject
Project("{9A19103F-16F7-4668-BE54-9A1E7A4F7556}") = "Pro1", "Pro1\Pro1.csproj", "{C72A2707-D6C0-46DF-90F1-72623D633E8E}"
EndProject
Project("{FAE04EC0-301F-11D3-BF4B-00C04F79EFBC}") = "Pro2", "Pro2\Pro2.csproj", "{FC10D8EA-A432-4453-8989-699B002CF43F}"
EndProject
Global
	GlobalSection(SolutionConfigurationPlatforms) = preSolution
		Debug|Any CPU = Debug|Any CPU
		Debug|x64 = Debug|x64
		Debug|x86 = Debug|x86
		Release|Any CPU = Release|Any CPU
		Release|x64 = Release|x64
		Release|x86 = Release|x86
	EndGlobalSection
	GlobalSection(ProjectConfigurationPlatforms) = postSolution
		{FBA89F77-AB26-4CF4-B2BB-143661CC7903}.Debug|Any CPU.ActiveCfg = Debug|Any CPU
		{FBA89F77-AB26-4CF4-B2BB-143661CC7903}.Debug|Any CPU.Build.0 = Debug|Any CPU
		{FBA89F77-AB26-4CF4-B2BB-143661CC7903}.Debug|x64.ActiveCfg = Debug|x64
		{FBA89F77-AB26-4CF4-B2BB-143661CC7903}.Debug|x64.Build.0 = Debug|x64
		{FBA89F77-AB26-4CF4-B2BB-143661CC7903}.Debug|x86.ActiveCfg = Debug|x86
		{FBA89F77-AB26-4CF4-B2BB-143661CC7903}.Debug|x86.Build.0 = Debug|x86
		{FBA89F77-AB26-4CF4-B2BB-143661CC7903}.Release|Any CPU.ActiveCfg = Release|Any CPU
		{FBA89F77-AB26-4CF4-B2BB-143661CC7903}.Release|Any CPU.Build.0 = Release|Any CPU
		{FBA89F77-AB26-4CF4-B2BB-143661CC7903}.Release|x64.ActiveCfg = Release|x64
		{FBA89F77-AB26-4CF4-B2BB-143661CC7903}.Release|x64.Build.0 = Release|x64
		{FBA89F77-AB26-4CF4-B2BB-143661CC7903}.Release|x86.ActiveCfg = Release|x86
		{FBA89F77-AB26-4CF4-B2BB-143661CC7903}.Release|x86.Build.0 = Release|x86
		{F92D59E4-EC38-427C-AF0F-EA9EB30E5992}.Debug|Any CPU.ActiveCfg = Debug|Any CPU
		{F92D59E4-EC38-427C-AF0F-EA9EB30E5992}.Debug|Any CPU.Build.0 = Debug|Any CPU
		{F92D59E4-EC38-427C-AF0F-EA9EB30E5992}.Debug|x64.ActiveCfg = Debug|Any CPU
		{F92D59E4-EC38-427C-AF0F-EA9EB30E5992}.Debug|x64.Build.0 = Debug|Any CPU
		{F92D59E4-EC38-427C-AF0F-EA9EB30E5992}.Debug|x86.ActiveCfg = Debug|Any CPU
		{F92D59E4-EC38-427C-AF0F-EA9EB30E5992}.Debug|x86.Build.0 = Debug|Any CPU
		{F92D59E4-EC38-427C-AF0F-EA9EB30E5992}.Release|Any CPU.ActiveCfg = Release|Any CPU
		{F92D59E4-EC38-427C-AF0F-EA9EB30E5992}.Release|Any CPU.Build.0 = Release|Any CPU
		{F92D59E4-EC38-427C-AF0F-EA9EB30E5992}.Release|x64.ActiveCfg = Release|Any CPU
		{F92D59E4-EC38-427C-AF0F-EA9EB30E5992}.Release|x64.Build.0 = Release|Any CPU
		{F92D59E4-EC38-427C-AF0F-EA9EB30E5992}.Release|x86.ActiveCfg = Release|Any CPU
		{F92D59E4-EC38-427C-AF0F-EA9EB30E5992}.Release|x86.Build.0 = Release|Any CPU
		{9DD3CCB8-EF97-4767-A6D4-E0B596D30A1E}.Debug|Any CPU.ActiveCfg = Debug|Any CPU
		{9DD3CCB8-EF97-4767-A6D4-E0B596D30A1E}.Debug|Any CPU.Build.0 = Debug|Any CPU
		{9DD3CCB8-EF97-4767-A6D4-E0B596D30A1E}.Debug|x64.ActiveCfg = Debug|Any CPU
		{9DD3CCB8-EF97-4767-A6D4-E0B596D30A1E}.Debug|x64.Build.0 = Debug|Any CPU
		{9DD3CCB8-EF97-4767-A6D4-E0B596D30A1E}.Debug|x86.ActiveCfg = Debug|Any CPU
		{9DD3CCB8-EF97-4767-A6D4-E0B596D30A1E}.Debug|x86.Build.0 = Debug|Any CPU
		{9DD3CCB8-EF97-4767-A6D4-E0B596D30A1E}.Release|Any CPU.ActiveCfg = Release|Any CPU
		{9DD3CCB8-EF97-4767-A6D4-E0B596D30A1E}.Release|Any CPU.Build.0 = Release|Any CPU
		{9DD3CCB8-EF97-4767-A6D4-E0B596D30A1E}.Release|x64.ActiveCfg = Release|Any CPU
		{9DD3CCB8-EF97-4767-A6D4-E0B596D30A1E}.Release|x64.Build.0 = Release|Any CPU
		{9DD3CCB8-EF97-4767-A6D4-E0B596D30A1E}.Release|x86.ActiveCfg = Release|Any CPU
		{9DD3CCB8-EF97-4767-A6D4-E0B596D30A1E}.Release|x86.Build.0 = Release|Any CPU
		{68EEB6F3-8A13-4F37-BD8E-43B4D4FAD970}.Debug|Any CPU.ActiveCfg = Debug|Any CPU
		{68EEB6F3-8A13-4F37-BD8E-43B4D4FAD970}.Debug|Any CPU.Build.0 = Debug|Any CPU
		{68EEB6F3-8A13-4F37-BD8E-43B4D4FAD970}.Debug|x64.ActiveCfg = Debug|Any CPU
		{68EEB6F3-8A13-4F37-BD8E-43B4D4FAD970}.Debug|x64.Build.0 = Debug|Any CPU
		{68EEB6F3-8A13-4F37-BD8E-43B4D4FAD970}.Debug|x86.ActiveCfg = Debug|Any CPU
		{68EEB6F3-8A13-4F37-BD8E-43B4D4FAD970}.Debug|x86.Build.0 = Debug|Any CPU
		{68EEB6F3-8A13-4F37-BD8E-43B4D4FAD970}.Release|Any CPU.ActiveCfg = Release|Any CPU
		{68EEB6F3-8A13-4F37-BD8E-43B4D4FAD970}.Release|Any CPU.Build.0 = Release|Any CPU
		{68EEB6F3-8A13-4F37-BD8E-43B4D4FAD970}.Release|x64.ActiveCfg = Release|Any CPU
		{68EEB6F3-8A13-4F37-BD8E-43B4D4FAD970}.Release|x64.Build.0 = Release|Any CPU
		{68EEB6F3-8A13-4F37-BD8E-43B4D4FAD970}.Release|x86.ActiveCfg = Release|Any CPU
		{68EEB6F3-8A13-4F37-BD8E-43B4D4FAD970}.Release|x86.Build.0 = Release|Any CPU
		{F14CD61C-55AA-4CDB-857A-CEE40483F9C0}.Debug|Any CPU.ActiveCfg = Debug|Any CPU
		{F14CD61C-55AA-4CDB-857A-CEE40483F9C0}.Debug|Any CPU.Build.0 = Debug|Any CPU
		{F14CD61C-55AA-4CDB-857A-CEE40483F9C0}.Debug|x64.ActiveCfg = Debug|Any CPU
		{F14CD61C-55AA-4CDB-857A-CEE40483F9C0}.Debug|x64.Build.0 = Debug|Any CPU
		{F14CD61C-55AA-4CDB-857A-CEE40483F9C0}.Debug|x86.ActiveCfg = Debug|Any CPU
		{F14CD61C-55AA-4CDB-857A-CEE40483F9C0}.Debug|x86.Build.0 = Debug|Any CPU
		{F14CD61C-55AA-4CDB-857A-CEE40483F9C0}.Release|Any CPU.ActiveCfg = Release|Any CPU
		{F14CD61C-55AA-4CDB-857A-CEE40483F9C0}.Release|Any CPU.Build.0 = Release|Any CPU
		{F14CD61C-55AA-4CDB-857A-CEE40483F9C0}.Release|x64.ActiveCfg = Release|Any CPU
		{F14CD61C-55AA-4CDB-857A-CEE40483F9C0}.Release|x64.Build.0 = Release|Any CPU
		{F14CD61C-55AA-4CDB-857A-CEE40483F9C0}.Release|x86.ActiveCfg = Release|Any CPU
		{F14CD61C-55AA-4CDB-857A-CEE40483F9C0}.Release|x86.Build.0 = Release|Any CPU
		{214325DF-48AA-4E1C-8A2B-D8CA13446C90}.Debug|Any CPU.ActiveCfg = Debug|Any CPU
		{214325DF-48AA-4E1C-8A2B-D8CA13446C90}.Debug|Any CPU.Build.0 = Debug|Any CPU
		{214325DF-48AA-4E1C-8A2B-D8CA13446C90}.Debug|x64.ActiveCfg = Debug|Any CPU
		{214325DF-48AA-4E1C-8A2B-D8CA13446C90}.Debug|x64.Build.0 = Debug|Any CPU
		{214325DF-48AA-4E1C-8A2B-D8CA13446C90}.Debug|x86.ActiveCfg = Debug|Any CPU
		{214325DF-48AA-4E1C-8A2B-D8CA13446C90}.Debug|x86.Build.0 = Debug|Any CPU
		{214325DF-48AA-4E1C-8A2B-D8CA13446C90}.Release|Any CPU.ActiveCfg = Release|Any CPU
		{214325DF-48AA-4E1C-8A2B-D8CA13446C90}.Release|Any CPU.Build.0 = Release|Any CPU
		{214325DF-48AA-4E1C-8A2B-D8CA13446C90}.Release|x64.ActiveCfg = Release|Any CPU
		{214325DF-48AA-4E1C-8A2B-D8CA13446C90}.Release|x64.Build.0 = Release|Any CPU
		{214325DF-48AA-4E1C-8A2B-D8CA13446C90}.Release|x86.ActiveCfg = Release|Any CPU
		{214325DF-48AA-4E1C-8A2B-D8CA13446C90}.Release|x86.Build.0 = Release|Any CPU
		{03A49F0C-0EAB-465D-8B28-8CB0ECC1C50C}.Debug|Any CPU.ActiveCfg = Debug|Any CPU
		{03A49F0C-0EAB-465D-8B28-8CB0ECC1C50C}.Debug|Any CPU.Build.0 = Debug|Any CPU
		{03A49F0C-0EAB-465D-8B28-8CB0ECC1C50C}.Debug|x64.ActiveCfg = Debug|Any CPU
		{03A49F0C-0EAB-465D-8B28-8CB0ECC1C50C}.Debug|x64.Build.0 = Debug|Any CPU
		{03A49F0C-0EAB-465D-8B28-8CB0ECC1C50C}.Debug|x86.ActiveCfg = Debug|Any CPU
		{03A49F0C-0EAB-465D-8B28-8CB0ECC1C50C}.Debug|x86.Build.0 = Debug|Any CPU
		{03A49F0C-0EAB-465D-8B28-8CB0ECC1C50C}.Release|Any CPU.ActiveCfg = Release|Any CPU
		{03A49F0C-0EAB-465D-8B28-8CB0ECC1C50C}.Release|Any CPU.Build.0 = Release|Any CPU
		{03A49F0C-0EAB-465D-8B28-8CB0ECC1C50C}.Release|x64.ActiveCfg = Release|Any CPU
		{03A49F0C-0EAB-465D-8B28-8CB0ECC1C50C}.Release|x64.Build.0 = Release|Any CPU
		{03A49F0C-0EAB-465D-8B28-8CB0ECC1C50C}.Release|x86.ActiveCfg = Release|Any CPU
		{03A49F0C-0EAB-465D-8B28-8CB0ECC1C50C}.Release|x86.Build.0 = Release|Any CPU
		{E36E56FD-8FFA-4E06-B70D-42EDCA1DC9C6}.Debug|Any CPU.ActiveCfg = Debug|Any CPU
		{E36E56FD-8FFA-4E06-B70D-42EDCA1DC9C6}.Debug|Any CPU.Build.0 = Debug|Any CPU
		{E36E56FD-8FFA-4E06-B70D-42EDCA1DC9C6}.Debug|x64.ActiveCfg = Debug|Any CPU
		{E36E56FD-8FFA-4E06-B70D-42EDCA1DC9C6}.Debug|x64.Build.0 = Debug|Any CPU
		{E36E56FD-8FFA-4E06-B70D-42EDCA1DC9C6}.Debug|x86.ActiveCfg = Debug|Any CPU
		{E36E56FD-8FFA-4E06-B70D-42EDCA1DC9C6}.Debug|x86.Build.0 = Debug|Any CPU
		{E36E56FD-8FFA-4E06-B70D-42EDCA1DC9C6}.Release|Any CPU.ActiveCfg = Release|Any CPU
		{E36E56FD-8FFA-4E06-B70D-42EDCA1DC9C6}.Release|Any CPU.Build.0 = Release|Any CPU
		{E36E56FD-8FFA-4E06-B70D-42EDCA1DC9C6}.Release|x64.ActiveCfg = Release|Any CPU
		{E36E56FD-8FFA-4E06-B70D-42EDCA1DC9C6}.Release|x64.Build.0 = Release|Any CPU
		{E36E56FD-8FFA-4E06-B70D-42EDCA1DC9C6}.Release|x86.ActiveCfg = Release|Any CPU
		{E36E56FD-8FFA-4E06-B70D-42EDCA1DC9C6}.Release|x86.Build.0 = Release|Any CPU
		{2CD4754C-C07E-4CB3-8868-392E86AD39C3}.Debug|Any CPU.ActiveCfg = Debug|Any CPU
		{2CD4754C-C07E-4CB3-8868-392E86AD39C3}.Debug|Any CPU.Build.0 = Debug|Any CPU
		{2CD4754C-C07E-4CB3-8868-392E86AD39C3}.Debug|x64.ActiveCfg = Debug|Any CPU
		{2CD4754C-C07E-4CB3-8868-392E86AD39C3}.Debug|x64.Build.0 = Debug|Any CPU
		{2CD4754C-C07E-4CB3-8868-392E86AD39C3}.Debug|x86.ActiveCfg = Debug|Any CPU
		{2CD4754C-C07E-4CB3-8868-392E86AD39C3}.Debug|x86.Build.0 = Debug|Any CPU
		{2CD4754C-C07E-4CB3-8868-392E86AD39C3}.Release|Any CPU.ActiveCfg = Release|Any CPU
		{2CD4754C-C07E-4CB3-8868-392E86AD39C3}.Release|Any CPU.Build.0 = Release|Any CPU
		{2CD4754C-C07E-4CB3-8868-392E86AD39C3}.Release|x64.ActiveCfg = Release|Any CPU
		{2CD4754C-C07E-4CB3-8868-392E86AD39C3}.Release|x64.Build.0 = Release|Any CPU
		{2CD4754C-C07E-4CB3-8868-392E86AD39C3}.Release|x86.ActiveCfg = Release|Any CPU
		{2CD4754C-C07E-4CB3-8868-392E86AD39C3}.Release|x86.Build.0 = Release|Any CPU
		{C72A2707-D6C0-46DF-90F1-72623D633E8E}.Debug|Any CPU.ActiveCfg = Debug|Any CPU
		{C72A2707-D6C0-46DF-90F1-72623D633E8E}.Debug|Any CPU.Build.0 = Debug|Any CPU
		{C72A2707-D6C0-46DF-90F1-72623D633E8E}.Debug|x64.ActiveCfg = Debug|Any CPU
		{C72A2707-D6C0-46DF-90F1-72623D633E8E}.Debug|x64.Build.0 = Debug|Any CPU
		{C72A2707-D6C0-46DF-90F1-72623D633E8E}.Debug|x86.ActiveCfg = Debug|Any CPU
		{C72A2707-D6C0-46DF-90F1-72623D633E8E}.Debug|x86.Build.0 = Debug|Any CPU
		{C72A2707-D6C0-46DF-90F1-72623D633E8E}.Release|Any CPU.ActiveCfg = Release|Any CPU
		{C72A2707-D6C0-46DF-90F1-72623D633E8E}.Release|Any CPU.Build.0 = Release|Any CPU
		{C72A2707-D6C0-46DF-90F1-72623D633E8E}.Release|x64.ActiveCfg = Release|Any CPU
		{C72A2707-D6C0-46DF-90F1-72623D633E8E}.Release|x64.Build.0 = Release|Any CPU
		{C72A2707-D6C0-46DF-90F1-72623D633E8E}.Release|x86.ActiveCfg = Release|Any CPU
		{C72A2707-D6C0-46DF-90F1-72623D633E8E}.Release|x86.Build.0 = Release|Any CPU
		{FC10D8EA-A432-4453-8989-699B002CF43F}.Debug|Any CPU.ActiveCfg = Debug|Any CPU
		{FC10D8EA-A432-4453-8989-699B002CF43F}.Debug|Any CPU.Build.0 = Debug|Any CPU
		{FC10D8EA-A432-4453-8989-699B002CF43F}.Debug|x64.ActiveCfg = Debug|Any CPU
		{FC10D8EA-A432-4453-8989-699B002CF43F}.Debug|x64.Build.0 = Debug|Any CPU
		{FC10D8EA-A432-4453-8989-699B002CF43F}.Debug|x86.ActiveCfg = Debug|Any CPU
		{FC10D8EA-A432-4453-8989-699B002CF43F}.Debug|x86.Build.0 = Debug|Any CPU
		{FC10D8EA-A432-4453-8989-699B002CF43F}.Release|Any CPU.ActiveCfg = Release|Any CPU
		{FC10D8EA-A432-4453-8989-699B002CF43F}.Release|Any CPU.Build.0 = Release|Any CPU
		{FC10D8EA-A432-4453-8989-699B002CF43F}.Release|x64.ActiveCfg = Release|Any CPU
		{FC10D8EA-A432-4453-8989-699B002CF43F}.Release|x64.Build.0 = Release|Any CPU
		{FC10D8EA-A432-4453-8989-699B002CF43F}.Release|x86.ActiveCfg = Release|Any CPU
		{FC10D8EA-A432-4453-8989-699B002CF43F}.Release|x86.Build.0 = Release|Any CPU
	EndGlobalSection
	GlobalSection(SolutionProperties) = preSolution
		HideSolutionNode = FALSE
	EndGlobalSection
	GlobalSection(ExtensibilityGlobals) = postSolution
		SolutionGuid = {932CF884-93A6-4AEF-ADFC-6B84FC2C04BA}
	EndGlobalSection
EndGlobal
